
Microsoft Visual Studio Solution File, Format Version 12.00
# Visual Studio Version 17
VisualStudioVersion = 17.9.34616.47
MinimumVisualStudioVersion = 10.0.40219.1
Project("{8BC9CEB8-8B4A-11D0-8D11-00A0C91BC942}") = "Paradigmaoop", "Paradigmaoop\Paradigmaoop.vcxproj", "{F612AD2C-D67C-43EC-8333-D885E8F651D6}"
EndProject
Project("{8BC9CEB8-8B4A-11D0-8D11-00A0C91BC942}") = "composisi", "composisi\composisi.vcxproj", "{6BE26B6A-3ECC-407E-9A15-971FAFFD50F3}"
EndProject
Project("{8BC9CEB8-8B4A-11D0-8D11-00A0C91BC942}") = "agregasi", "agregasi\agregasi.vcxproj", "{28200591-A767-4065-B728-AD36B0C70D9E}"
EndProject
Project("{8BC9CEB8-8B4A-11D0-8D11-00A0C91BC942}") = "Asosiasi", "Asosiasi\Asosiasi.vcxproj", "{63259276-B651-46B4-B8D7-B04712295A90}"
EndProject
Project("{8BC9CEB8-8B4A-11D0-8D11-00A0C91BC942}") = "Inheritance", "Inheritance\Inheritance.vcxproj", "{5EE2047C-8CE4-46CA-A765-DFF445E59710}"
EndProject
Global
	GlobalSection(SolutionConfigurationPlatforms) = preSolution
		Debug|x64 = Debug|x64
		Debug|x86 = Debug|x86
		Release|x64 = Release|x64
		Release|x86 = Release|x86
	EndGlobalSection
	GlobalSection(ProjectConfigurationPlatforms) = postSolution
		{F612AD2C-D67C-43EC-8333-D885E8F651D6}.Debug|x64.ActiveCfg = Debug|x64
		{F612AD2C-D67C-43EC-8333-D885E8F651D6}.Debug|x64.Build.0 = Debug|x64
		{F612AD2C-D67C-43EC-8333-D885E8F651D6}.Debug|x86.ActiveCfg = Debug|Win32
		{F612AD2C-D67C-43EC-8333-D885E8F651D6}.Debug|x86.Build.0 = Debug|Win32
		{F612AD2C-D67C-43EC-8333-D885E8F651D6}.Release|x64.ActiveCfg = Release|x64
		{F612AD2C-D67C-43EC-8333-D885E8F651D6}.Release|x64.Build.0 = Release|x64
		{F612AD2C-D67C-43EC-8333-D885E8F651D6}.Release|x86.ActiveCfg = Release|Win32
		{F612AD2C-D67C-43EC-8333-D885E8F651D6}.Release|x86.Build.0 = Release|Win32
		{6BE26B6A-3ECC-407E-9A15-971FAFFD50F3}.Debug|x64.ActiveCfg = Debug|x64
		{6BE26B6A-3ECC-407E-9A15-971FAFFD50F3}.Debug|x64.Build.0 = Debug|x64
		{6BE26B6A-3ECC-407E-9A15-971FAFFD50F3}.Debug|x86.ActiveCfg = Debug|Win32
		{6BE26B6A-3ECC-407E-9A15-971FAFFD50F3}.Debug|x86.Build.0 = Debug|Win32
		{6BE26B6A-3ECC-407E-9A15-971FAFFD50F3}.Release|x64.ActiveCfg = Release|x64
		{6BE26B6A-3ECC-407E-9A15-971FAFFD50F3}.Release|x64.Build.0 = Release|x64
		{6BE26B6A-3ECC-407E-9A15-971FAFFD50F3}.Release|x86.ActiveCfg = Release|Win32
		{6BE26B6A-3ECC-407E-9A15-971FAFFD50F3}.Release|x86.Build.0 = Release|Win32
		{28200591-A767-4065-B728-AD36B0C70D9E}.Debug|x64.ActiveCfg = Debug|x64
		{28200591-A767-4065-B728-AD36B0C70D9E}.Debug|x64.Build.0 = Debug|x64
		{28200591-A767-4065-B728-AD36B0C70D9E}.Debug|x86.ActiveCfg = Debug|Win32
		{28200591-A767-4065-B728-AD36B0C70D9E}.Debug|x86.Build.0 = Debug|Win32
		{28200591-A767-4065-B728-AD36B0C70D9E}.Release|x64.ActiveCfg = Release|x64
		{28200591-A767-4065-B728-AD36B0C70D9E}.Release|x64.Build.0 = Release|x64
		{28200591-A767-4065-B728-AD36B0C70D9E}.Release|x86.ActiveCfg = Release|Win32
		{28200591-A767-4065-B728-AD36B0C70D9E}.Release|x86.Build.0 = Release|Win32
		{63259276-B651-46B4-B8D7-B04712295A90}.Debug|x64.ActiveCfg = Debug|x64
		{63259276-B651-46B4-B8D7-B04712295A90}.Debug|x64.Build.0 = Debug|x64
		{63259276-B651-46B4-B8D7-B04712295A90}.Debug|x86.ActiveCfg = Debug|Win32
		{63259276-B651-46B4-B8D7-B04712295A90}.Debug|x86.Build.0 = Debug|Win32
		{63259276-B651-46B4-B8D7-B04712295A90}.Release|x64.ActiveCfg = Release|x64
		{63259276-B651-46B4-B8D7-B04712295A90}.Release|x64.Build.0 = Release|x64
		{63259276-B651-46B4-B8D7-B04712295A90}.Release|x86.ActiveCfg = Release|Win32
		{63259276-B651-46B4-B8D7-B04712295A90}.Release|x86.Build.0 = Release|Win32
		{5EE2047C-8CE4-46CA-A765-DFF445E59710}.Debug|x64.ActiveCfg = Debug|x64
		{5EE2047C-8CE4-46CA-A765-DFF445E59710}.Debug|x64.Build.0 = Debug|x64
		{5EE2047C-8CE4-46CA-A765-DFF445E59710}.Debug|x86.ActiveCfg = Debug|Win32
		{5EE2047C-8CE4-46CA-A765-DFF445E59710}.Debug|x86.Build.0 = Debug|Win32
		{5EE2047C-8CE4-46CA-A765-DFF445E59710}.Release|x64.ActiveCfg = Release|x64
		{5EE2047C-8CE4-46CA-A765-DFF445E59710}.Release|x64.Build.0 = Release|x64
		{5EE2047C-8CE4-46CA-A765-DFF445E59710}.Release|x86.ActiveCfg = Release|Win32
		{5EE2047C-8CE4-46CA-A765-DFF445E59710}.Release|x86.Build.0 = Release|Win32
	EndGlobalSection
	GlobalSection(SolutionProperties) = preSolution
		HideSolutionNode = FALSE
	EndGlobalSection
	GlobalSection(ExtensibilityGlobals) = postSolution
		SolutionGuid = {1D043083-2950-4AD4-A2B3-47AA34245A62}
	EndGlobalSection
EndGlobal
